
Microsoft Visual Studio Solution File, Format Version 12.00
# Visual Studio Version 17
VisualStudioVersion = 17.2.32630.192
MinimumVisualStudioVersion = 10.0.40219.1
Project("{FAE04EC0-301F-11D3-BF4B-00C04F79EFBC}") = "ContactBook_ViewsNavigation", "ContactBook_ViewsNavigation\ContactBook_ViewsNavigation.csproj", "{6261EF4A-DFFB-4AB7-BFE9-1E65DE52C61A}"
EndProject
Global
	GlobalSection(SolutionConfigurationPlatforms) = preSolution
		Debug|Any CPU = Debug|Any CPU
		Release|Any CPU = Release|Any CPU
	EndGlobalSection
	GlobalSection(ProjectConfigurationPlatforms) = postSolution
		{6261EF4A-DFFB-4AB7-BFE9-1E65DE52C61A}.Debug|Any CPU.ActiveCfg = Debug|Any CPU
		{6261EF4A-DFFB-4AB7-BFE9-1E65DE52C61A}.Debug|Any CPU.Build.0 = Debug|Any CPU
		{6261EF4A-DFFB-4AB7-BFE9-1E65DE52C61A}.Release|Any CPU.ActiveCfg = Release|Any CPU
		{6261EF4A-DFFB-4AB7-BFE9-1E65DE52C61A}.Release|Any CPU.Build.0 = Release|Any CPU
	EndGlobalSection
	GlobalSection(SolutionProperties) = preSolution
		HideSolutionNode = FALSE
	EndGlobalSection
	GlobalSection(ExtensibilityGlobals) = postSolution
		SolutionGuid = {528BA2F1-BAC8-400F-BA3D-4EB0E9766A1F}
	EndGlobalSection
EndGlobal
